// !$*UTF8*$!
{
	archiveVersion = 1;
	classes = {
	};
	objectVersion = 48;
	objects = {

/* Begin PBXBuildFile section */
		482D9A292415563000A85A13 /* AddProjectViewController.swift in Sources */ = {isa = PBXBuildFile; fileRef = 482D9A282415563000A85A13 /* AddProjectViewController.swift */; };
		48303DCA24165A09006A1A93 /* AllTasksViewController.swift in Sources */ = {isa = PBXBuildFile; fileRef = 48303DC924165A09006A1A93 /* AllTasksViewController.swift */; };
		48303DCC24167347006A1A93 /* DetailProjectViewController.swift in Sources */ = {isa = PBXBuildFile; fileRef = 48303DCB24167347006A1A93 /* DetailProjectViewController.swift */; };
		4857CBD72413EB100076510A /* AppDelegate.swift in Sources */ = {isa = PBXBuildFile; fileRef = 4857CBD62413EB100076510A /* AppDelegate.swift */; };
		4857CBD92413EB100076510A /* MainViewController.swift in Sources */ = {isa = PBXBuildFile; fileRef = 4857CBD82413EB100076510A /* MainViewController.swift */; };
		4857CBDC2413EB100076510A /* Main.storyboard in Resources */ = {isa = PBXBuildFile; fileRef = 4857CBDA2413EB100076510A /* Main.storyboard */; };
		4857CBDF2413EB100076510A /* TimeTrackerTabs.xcdatamodeld in Sources */ = {isa = PBXBuildFile; fileRef = 4857CBDD2413EB100076510A /* TimeTrackerTabs.xcdatamodeld */; };
		4857CBE12413EB100076510A /* Assets.xcassets in Resources */ = {isa = PBXBuildFile; fileRef = 4857CBE02413EB100076510A /* Assets.xcassets */; };
		4857CBE42413EB100076510A /* LaunchScreen.storyboard in Resources */ = {isa = PBXBuildFile; fileRef = 4857CBE22413EB100076510A /* LaunchScreen.storyboard */; };
		489D5AB724167BA800EE2B52 /* AddTaskViewController.swift in Sources */ = {isa = PBXBuildFile; fileRef = 489D5AB624167BA800EE2B52 /* AddTaskViewController.swift */; };
/* End PBXBuildFile section */

/* Begin PBXFileReference section */
		482D9A282415563000A85A13 /* AddProjectViewController.swift */ = {isa = PBXFileReference; lastKnownFileType = sourcecode.swift; path = AddProjectViewController.swift; sourceTree = "<group>"; };
		48303DC924165A09006A1A93 /* AllTasksViewController.swift */ = {isa = PBXFileReference; lastKnownFileType = sourcecode.swift; path = AllTasksViewController.swift; sourceTree = "<group>"; };
		48303DCB24167347006A1A93 /* DetailProjectViewController.swift */ = {isa = PBXFileReference; lastKnownFileType = sourcecode.swift; path = DetailProjectViewController.swift; sourceTree = "<group>"; };
		4857CBD32413EB100076510A /* TimeTrackerTabs.app */ = {isa = PBXFileReference; explicitFileType = wrapper.application; includeInIndex = 0; path = TimeTrackerTabs.app; sourceTree = BUILT_PRODUCTS_DIR; };
		4857CBD62413EB100076510A /* AppDelegate.swift */ = {isa = PBXFileReference; lastKnownFileType = sourcecode.swift; path = AppDelegate.swift; sourceTree = "<group>"; };
		4857CBD82413EB100076510A /* MainViewController.swift */ = {isa = PBXFileReference; lastKnownFileType = sourcecode.swift; path = MainViewController.swift; sourceTree = "<group>"; };
		4857CBDB2413EB100076510A /* Base */ = {isa = PBXFileReference; lastKnownFileType = file.storyboard; name = Base; path = Base.lproj/Main.storyboard; sourceTree = "<group>"; };
		4857CBDE2413EB100076510A /* TimeTrackerTabs.xcdatamodel */ = {isa = PBXFileReference; lastKnownFileType = wrapper.xcdatamodel; path = TimeTrackerTabs.xcdatamodel; sourceTree = "<group>"; };
		4857CBE02413EB100076510A /* Assets.xcassets */ = {isa = PBXFileReference; lastKnownFileType = folder.assetcatalog; path = Assets.xcassets; sourceTree = "<group>"; };
		4857CBE32413EB100076510A /* Base */ = {isa = PBXFileReference; lastKnownFileType = file.storyboard; name = Base; path = Base.lproj/LaunchScreen.storyboard; sourceTree = "<group>"; };
		4857CBE52413EB100076510A /* Info.plist */ = {isa = PBXFileReference; lastKnownFileType = text.plist.xml; path = Info.plist; sourceTree = "<group>"; };
		489D5AB624167BA800EE2B52 /* AddTaskViewController.swift */ = {isa = PBXFileReference; lastKnownFileType = sourcecode.swift; path = AddTaskViewController.swift; sourceTree = "<group>"; };
/* End PBXFileReference section */

/* Begin PBXFrameworksBuildPhase section */
		4857CBD02413EB100076510A /* Frameworks */ = {
			isa = PBXFrameworksBuildPhase;
			buildActionMask = 2147483647;
			files = (
			);
			runOnlyForDeploymentPostprocessing = 0;
		};
/* End PBXFrameworksBuildPhase section */

/* Begin PBXGroup section */
		4857CBCA2413EB100076510A = {
			isa = PBXGroup;
			children = (
				4857CBD52413EB100076510A /* TimeTrackerTabs */,
				4857CBD42413EB100076510A /* Products */,
			);
			sourceTree = "<group>";
		};
		4857CBD42413EB100076510A /* Products */ = {
			isa = PBXGroup;
			children = (
				4857CBD32413EB100076510A /* TimeTrackerTabs.app */,
			);
			name = Products;
			sourceTree = "<group>";
		};
		4857CBD52413EB100076510A /* TimeTrackerTabs */ = {
			isa = PBXGroup;
			children = (
				4857CBD62413EB100076510A /* AppDelegate.swift */,
				4857CBD82413EB100076510A /* MainViewController.swift */,
				4857CBDA2413EB100076510A /* Main.storyboard */,
				489D5AB624167BA800EE2B52 /* AddTaskViewController.swift */,
				48303DCB24167347006A1A93 /* DetailProjectViewController.swift */,
				48303DC924165A09006A1A93 /* AllTasksViewController.swift */,
				482D9A282415563000A85A13 /* AddProjectViewController.swift */,
				4857CBE02413EB100076510A /* Assets.xcassets */,
				4857CBE22413EB100076510A /* LaunchScreen.storyboard */,
				4857CBE52413EB100076510A /* Info.plist */,
				4857CBDD2413EB100076510A /* TimeTrackerTabs.xcdatamodeld */,
			);
			path = TimeTrackerTabs;
			sourceTree = "<group>";
		};
/* End PBXGroup section */

/* Begin PBXNativeTarget section */
		4857CBD22413EB100076510A /* TimeTrackerTabs */ = {
			isa = PBXNativeTarget;
			buildConfigurationList = 4857CBE82413EB100076510A /* Build configuration list for PBXNativeTarget "TimeTrackerTabs" */;
			buildPhases = (
				4857CBCF2413EB100076510A /* Sources */,
				4857CBD02413EB100076510A /* Frameworks */,
				4857CBD12413EB100076510A /* Resources */,
			);
			buildRules = (
			);
			dependencies = (
			);
			name = TimeTrackerTabs;
			productName = TimeTrackerTabs;
			productReference = 4857CBD32413EB100076510A /* TimeTrackerTabs.app */;
			productType = "com.apple.product-type.application";
		};
/* End PBXNativeTarget section */

/* Begin PBXProject section */
		4857CBCB2413EB100076510A /* Project object */ = {
			isa = PBXProject;
			attributes = {
				LastSwiftUpdateCheck = 0920;
				LastUpgradeCheck = 0920;
				ORGANIZATIONNAME = RenaultRobin;
				TargetAttributes = {
					4857CBD22413EB100076510A = {
						CreatedOnToolsVersion = 9.2;
						ProvisioningStyle = Automatic;
					};
				};
			};
			buildConfigurationList = 4857CBCE2413EB100076510A /* Build configuration list for PBXProject "TimeTrackerTabs" */;
			compatibilityVersion = "Xcode 8.0";
			developmentRegion = en;
			hasScannedForEncodings = 0;
			knownRegions = (
				en,
				Base,
			);
			mainGroup = 4857CBCA2413EB100076510A;
			productRefGroup = 4857CBD42413EB100076510A /* Products */;
			projectDirPath = "";
			projectRoot = "";
			targets = (
				4857CBD22413EB100076510A /* TimeTrackerTabs */,
			);
		};
/* End PBXProject section */

/* Begin PBXResourcesBuildPhase section */
		4857CBD12413EB100076510A /* Resources */ = {
			isa = PBXResourcesBuildPhase;
			buildActionMask = 2147483647;
			files = (
				4857CBE42413EB100076510A /* LaunchScreen.storyboard in Resources */,
				4857CBE12413EB100076510A /* Assets.xcassets in Resources */,
				4857CBDC2413EB100076510A /* Main.storyboard in Resources */,
			);
			runOnlyForDeploymentPostprocessing = 0;
		};
/* End PBXResourcesBuildPhase section */

/* Begin PBXSourcesBuildPhase section */
		4857CBCF2413EB100076510A /* Sources */ = {
			isa = PBXSourcesBuildPhase;
			buildActionMask = 2147483647;
			files = (
				482D9A292415563000A85A13 /* AddProjectViewController.swift in Sources */,
				48303DCA24165A09006A1A93 /* AllTasksViewController.swift in Sources */,
				4857CBD92413EB100076510A /* MainViewController.swift in Sources */,
				4857CBDF2413EB100076510A /* TimeTrackerTabs.xcdatamodeld in Sources */,
				4857CBD72413EB100076510A /* AppDelegate.swift in Sources */,
				48303DCC24167347006A1A93 /* DetailProjectViewController.swift in Sources */,
				489D5AB724167BA800EE2B52 /* AddTaskViewController.swift in Sources */,
			);
			runOnlyForDeploymentPostprocessing = 0;
		};
/* End PBXSourcesBuildPhase section */

/* Begin PBXVariantGroup section */
		4857CBDA2413EB100076510A /* Main.storyboard */ = {
			isa = PBXVariantGroup;
			children = (
				4857CBDB2413EB100076510A /* Base */,
			);
			name = Main.storyboard;
			sourceTree = "<group>";
		};
		4857CBE22413EB100076510A /* LaunchScreen.storyboard */ = {
			isa = PBXVariantGroup;
			children = (
				4857CBE32413EB100076510A /* Base */,
			);
			name = LaunchScreen.storyboard;
			sourceTree = "<group>";
		};
/* End PBXVariantGroup section */

/* Begin XCBuildConfiguration section */
		4857CBE62413EB100076510A /* Debug */ = {
			isa = XCBuildConfiguration;
			buildSettings = {
				ALWAYS_SEARCH_USER_PATHS = NO;
				CLANG_ANALYZER_NONNULL = YES;
				CLANG_ANALYZER_NUMBER_OBJECT_CONVERSION = YES_AGGRESSIVE;
				CLANG_CXX_LANGUAGE_STANDARD = "gnu++14";
				CLANG_CXX_LIBRARY = "libc++";
				CLANG_ENABLE_MODULES = YES;
				CLANG_ENABLE_OBJC_ARC = YES;
				CLANG_WARN_BLOCK_CAPTURE_AUTORELEASING = YES;
				CLANG_WARN_BOOL_CONVERSION = YES;
				CLANG_WARN_COMMA = YES;
				CLANG_WARN_CONSTANT_CONVERSION = YES;
				CLANG_WARN_DIRECT_OBJC_ISA_USAGE = YES_ERROR;
				CLANG_WARN_DOCUMENTATION_COMMENTS = YES;
				CLANG_WARN_EMPTY_BODY = YES;
				CLANG_WARN_ENUM_CONVERSION = YES;
				CLANG_WARN_INFINITE_RECURSION = YES;
				CLANG_WARN_INT_CONVERSION = YES;
				CLANG_WARN_NON_LITERAL_NULL_CONVERSION = YES;
				CLANG_WARN_OBJC_LITERAL_CONVERSION = YES;
				CLANG_WARN_OBJC_ROOT_CLASS = YES_ERROR;
				CLANG_WARN_RANGE_LOOP_ANALYSIS = YES;
				CLANG_WARN_STRICT_PROTOTYPES = YES;
				CLANG_WARN_SUSPICIOUS_MOVE = YES;
				CLANG_WARN_UNGUARDED_AVAILABILITY = YES_AGGRESSIVE;
				CLANG_WARN_UNREACHABLE_CODE = YES;
				CLANG_WARN__DUPLICATE_METHOD_MATCH = YES;
				CODE_SIGN_IDENTITY = "iPhone Developer";
				COPY_PHASE_STRIP = NO;
				DEBUG_INFORMATION_FORMAT = dwarf;
				ENABLE_STRICT_OBJC_MSGSEND = YES;
				ENABLE_TESTABILITY = YES;
				GCC_C_LANGUAGE_STANDARD = gnu11;
				GCC_DYNAMIC_NO_PIC = NO;
				GCC_NO_COMMON_BLOCKS = YES;
				GCC_OPTIMIZATION_LEVEL = 0;
				GCC_PREPROCESSOR_DEFINITIONS = (
					"DEBUG=1",
					"$(inherited)",
				);
				GCC_WARN_64_TO_32_BIT_CONVERSION = YES;
				GCC_WARN_ABOUT_RETURN_TYPE = YES_ERROR;
				GCC_WARN_UNDECLARED_SELECTOR = YES;
				GCC_WARN_UNINITIALIZED_AUTOS = YES_AGGRESSIVE;
				GCC_WARN_UNUSED_FUNCTION = YES;
				GCC_WARN_UNUSED_VARIABLE = YES;
				IPHONEOS_DEPLOYMENT_TARGET = 11.2;
				MTL_ENABLE_DEBUG_INFO = YES;
				ONLY_ACTIVE_ARCH = YES;
				SDKROOT = iphoneos;
				SWIFT_ACTIVE_COMPILATION_CONDITIONS = DEBUG;
				SWIFT_OPTIMIZATION_LEVEL = "-Onone";
			};
			name = Debug;
		};
		4857CBE72413EB100076510A /* Release */ = {
			isa = XCBuildConfiguration;
			buildSettings = {
				ALWAYS_SEARCH_USER_PATHS = NO;
				CLANG_ANALYZER_NONNULL = YES;
				CLANG_ANALYZER_NUMBER_OBJECT_CONVERSION = YES_AGGRESSIVE;
				CLANG_CXX_LANGUAGE_STANDARD = "gnu++14";
				CLANG_CXX_LIBRARY = "libc++";
				CLANG_ENABLE_MODULES = YES;
				CLANG_ENABLE_OBJC_ARC = YES;
				CLANG_WARN_BLOCK_CAPTURE_AUTORELEASING = YES;
				CLANG_WARN_BOOL_CONVERSION = YES;
				CLANG_WARN_COMMA = YES;
				CLANG_WARN_CONSTANT_CONVERSION = YES;
				CLANG_WARN_DIRECT_OBJC_ISA_USAGE = YES_ERROR;
				CLANG_WARN_DOCUMENTATION_COMMENTS = YES;
				CLANG_WARN_EMPTY_BODY = YES;
				CLANG_WARN_ENUM_CONVERSION = YES;
				CLANG_WARN_INFINITE_RECURSION = YES;
				CLANG_WARN_INT_CONVERSION = YES;
				CLANG_WARN_NON_LITERAL_NULL_CONVERSION = YES;
				CLANG_WARN_OBJC_LITERAL_CONVERSION = YES;
				CLANG_WARN_OBJC_ROOT_CLASS = YES_ERROR;
				CLANG_WARN_RANGE_LOOP_ANALYSIS = YES;
				CLANG_WARN_STRICT_PROTOTYPES = YES;
				CLANG_WARN_SUSPICIOUS_MOVE = YES;
				CLANG_WARN_UNGUARDED_AVAILABILITY = YES_AGGRESSIVE;
				CLANG_WARN_UNREACHABLE_CODE = YES;
				CLANG_WARN__DUPLICATE_METHOD_MATCH = YES;
				CODE_SIGN_IDENTITY = "iPhone Developer";
				COPY_PHASE_STRIP = NO;
				DEBUG_INFORMATION_FORMAT = "dwarf-with-dsym";
				ENABLE_NS_ASSERTIONS = NO;
				ENABLE_STRICT_OBJC_MSGSEND = YES;
				GCC_C_LANGUAGE_STANDARD = gnu11;
				GCC_NO_COMMON_BLOCKS = YES;
				GCC_WARN_64_TO_32_BIT_CONVERSION = YES;
				GCC_WARN_ABOUT_RETURN_TYPE = YES_ERROR;
				GCC_WARN_UNDECLARED_SELECTOR = YES;
				GCC_WARN_UNINITIALIZED_AUTOS = YES_AGGRESSIVE;
				GCC_WARN_UNUSED_FUNCTION = YES;
				GCC_WARN_UNUSED_VARIABLE = YES;
				IPHONEOS_DEPLOYMENT_TARGET = 11.2;
				MTL_ENABLE_DEBUG_INFO = NO;
				SDKROOT = iphoneos;
				SWIFT_OPTIMIZATION_LEVEL = "-Owholemodule";
				VALIDATE_PRODUCT = YES;
			};
			name = Release;
		};
		4857CBE92413EB100076510A /* Debug */ = {
			isa = XCBuildConfiguration;
			buildSettings = {
				ASSETCATALOG_COMPILER_APPICON_NAME = AppIcon;
				CODE_SIGN_STYLE = Automatic;
				INFOPLIST_FILE = TimeTrackerTabs/Info.plist;
				LD_RUNPATH_SEARCH_PATHS = "$(inherited) @executable_path/Frameworks";
				PRODUCT_BUNDLE_IDENTIFIER = com.orleans.university.TimeTrackerTabs;
				PRODUCT_NAME = "$(TARGET_NAME)";
				SWIFT_VERSION = 4.0;
				TARGETED_DEVICE_FAMILY = "1,2";
			};
			name = Debug;
		};
		4857CBEA2413EB100076510A /* Release */ = {
			isa = XCBuildConfiguration;
			buildSettings = {
				ASSETCATALOG_COMPILER_APPICON_NAME = AppIcon;
				CODE_SIGN_STYLE = Automatic;
				INFOPLIST_FILE = TimeTrackerTabs/Info.plist;
				LD_RUNPATH_SEARCH_PATHS = "$(inherited) @executable_path/Frameworks";
				PRODUCT_BUNDLE_IDENTIFIER = com.orleans.university.TimeTrackerTabs;
				PRODUCT_NAME = "$(TARGET_NAME)";
				SWIFT_VERSION = 4.0;
				TARGETED_DEVICE_FAMILY = "1,2";
			};
			name = Release;
		};
/* End XCBuildConfiguration section */

/* Begin XCConfigurationList section */
		4857CBCE2413EB100076510A /* Build configuration list for PBXProject "TimeTrackerTabs" */ = {
			isa = XCConfigurationList;
			buildConfigurations = (
				4857CBE62413EB100076510A /* Debug */,
				4857CBE72413EB100076510A /* Release */,
			);
			defaultConfigurationIsVisible = 0;
			defaultConfigurationName = Release;
		};
		4857CBE82413EB100076510A /* Build configuration list for PBXNativeTarget "TimeTrackerTabs" */ = {
			isa = XCConfigurationList;
			buildConfigurations = (
				4857CBE92413EB100076510A /* Debug */,
				4857CBEA2413EB100076510A /* Release */,
			);
			defaultConfigurationIsVisible = 0;
			defaultConfigurationName = Release;
		};
/* End XCConfigurationList section */

/* Begin XCVersionGroup section */
		4857CBDD2413EB100076510A /* TimeTrackerTabs.xcdatamodeld */ = {
			isa = XCVersionGroup;
			children = (
				4857CBDE2413EB100076510A /* TimeTrackerTabs.xcdatamodel */,
			);
			currentVersion = 4857CBDE2413EB100076510A /* TimeTrackerTabs.xcdatamodel */;
			path = TimeTrackerTabs.xcdatamodeld;
			sourceTree = "<group>";
			versionGroupType = wrapper.xcdatamodel;
		};
/* End XCVersionGroup section */
	};
	rootObject = 4857CBCB2413EB100076510A /* Project object */;
}
